// !$*UTF8*$!
{
	archiveVersion = 1;
	classes = {
	};
	objectVersion = 77;
	objects = {

/* Begin PBXBuildFile section */
		E5CCEE3D2F7B6A5F00BF2F3D /* GoogleService-Info.plist in Resources */ = {isa = PBXBuildFile; fileRef = E5CCEE3C2F7B6A5E00BF2F3D /* GoogleService-Info.plist */; };
		E5CCEE402F7B6AFA00BF2F3D /* FirebaseAnalytics in Frameworks */ = {isa = PBXBuildFile; productRef = E5CCEE3F2F7B6AFA00BF2F3D /* FirebaseAnalytics */; };
		E5CCEE422F7B6AFA00BF2F3D /* FirebaseCrashlytics in Frameworks */ = {isa = PBXBuildFile; productRef = E5CCEE412F7B6AFA00BF2F3D /* FirebaseCrashlytics */; };
/* End PBXBuildFile section */

/* Begin PBXContainerItemProxy section */
		E5F558CF2F765AA9007C9201 /* PBXContainerItemProxy */ = {
			isa = PBXContainerItemProxy;
			containerPortal = E5F558B92F765AA8007C9201 /* Project object */;
			proxyType = 1;
			remoteGlobalIDString = E5F558C02F765AA8007C9201;
			remoteInfo = "image-incognito";
		};
		E5F558D92F765AA9007C9201 /* PBXContainerItemProxy */ = {
			isa = PBXContainerItemProxy;
			containerPortal = E5F558B92F765AA8007C9201 /* Project object */;
			proxyType = 1;
			remoteGlobalIDString = E5F558C02F765AA8007C9201;
			remoteInfo = "image-incognito";
		};
/* End PBXContainerItemProxy section */

/* Begin PBXFileReference section */
		E5CCEE3C2F7B6A5E00BF2F3D /* GoogleService-Info.plist */ = {isa = PBXFileReference; lastKnownFileType = text.plist.xml; path = "GoogleService-Info.plist"; sourceTree = "<group>"; };
		E5F558C12F765AA8007C9201 /* image-incognito.app */ = {isa = PBXFileReference; explicitFileType = wrapper.application; includeInIndex = 0; path = "image-incognito.app"; sourceTree = BUILT_PRODUCTS_DIR; };
		E5F558CE2F765AA9007C9201 /* image-incognitoTests.xctest */ = {isa = PBXFileReference; explicitFileType = wrapper.cfbundle; includeInIndex = 0; path = "image-incognitoTests.xctest"; sourceTree = BUILT_PRODUCTS_DIR; };
		E5F558D82F765AA9007C9201 /* image-incognitoUITests.xctest */ = {isa = PBXFileReference; explicitFileType = wrapper.cfbundle; includeInIndex = 0; path = "image-incognitoUITests.xctest"; sourceTree = BUILT_PRODUCTS_DIR; };
/* End PBXFileReference section */

/* Begin PBXFileSystemSynchronizedRootGroup section */
		E5F558C32F765AA8007C9201 /* image-incognito */ = {
			isa = PBXFileSystemSynchronizedRootGroup;
			path = "image-incognito";
			sourceTree = "<group>";
		};
		E5F558D12F765AA9007C9201 /* image-incognitoTests */ = {
			isa = PBXFileSystemSynchronizedRootGroup;
			path = "image-incognitoTests";
			sourceTree = "<group>";
		};
		E5F558DB2F765AA9007C9201 /* image-incognitoUITests */ = {
			isa = PBXFileSystemSynchronizedRootGroup;
			path = "image-incognitoUITests";
			sourceTree = "<group>";
		};
/* End PBXFileSystemSynchronizedRootGroup section */

/* Begin PBXFrameworksBuildPhase section */
		E5F558BE2F765AA8007C9201 /* Frameworks */ = {
			isa = PBXFrameworksBuildPhase;
			buildActionMask = 2147483647;
			files = (
				E5CCEE402F7B6AFA00BF2F3D /* FirebaseAnalytics in Frameworks */,
				E5CCEE422F7B6AFA00BF2F3D /* FirebaseCrashlytics in Frameworks */,
			);
			runOnlyForDeploymentPostprocessing = 0;
		};
		E5F558CB2F765AA9007C9201 /* Frameworks */ = {
			isa = PBXFrameworksBuildPhase;
			buildActionMask = 2147483647;
			files = (
			);
			runOnlyForDeploymentPostprocessing = 0;
		};
		E5F558D52F765AA9007C9201 /* Frameworks */ = {
			isa = PBXFrameworksBuildPhase;
			buildActionMask = 2147483647;
			files = (
			);
			runOnlyForDeploymentPostprocessing = 0;
		};
/* End PBXFrameworksBuildPhase section */

/* Begin PBXGroup section */
		E5F558B82F765AA8007C9201 = {
			isa = PBXGroup;
			children = (
				E5CCEE3C2F7B6A5E00BF2F3D /* GoogleService-Info.plist */,
				E5F558C32F765AA8007C9201 /* image-incognito */,
				E5F558D12F765AA9007C9201 /* image-incognitoTests */,
				E5F558DB2F765AA9007C9201 /* image-incognitoUITests */,
				E5F558C22F765AA8007C9201 /* Products */,
			);
			sourceTree = "<group>";
		};
		E5F558C22F765AA8007C9201 /* Products */ = {
			isa = PBXGroup;
			children = (
				E5F558C12F765AA8007C9201 /* image-incognito.app */,
				E5F558CE2F765AA9007C9201 /* image-incognitoTests.xctest */,
				E5F558D82F765AA9007C9201 /* image-incognitoUITests.xctest */,
			);
			name = Products;
			sourceTree = "<group>";
		};
/* End PBXGroup section */

/* Begin PBXNativeTarget section */
		E5F558C02F765AA8007C9201 /* image-incognito */ = {
			isa = PBXNativeTarget;
			buildConfigurationList = E5F558E22F765AA9007C9201 /* Build configuration list for PBXNativeTarget "image-incognito" */;
			buildPhases = (
				E5F558BD2F765AA8007C9201 /* Sources */,
				E5F558BE2F765AA8007C9201 /* Frameworks */,
				E5F558BF2F765AA8007C9201 /* Resources */,
			);
			buildRules = (
			);
			dependencies = (
			);
			fileSystemSynchronizedGroups = (
				E5F558C32F765AA8007C9201 /* image-incognito */,
			);
			name = "image-incognito";
			packageProductDependencies = (
				E5CCEE3F2F7B6AFA00BF2F3D /* FirebaseAnalytics */,
				E5CCEE412F7B6AFA00BF2F3D /* FirebaseCrashlytics */,
			);
			productName = "image-incognito";
			productReference = E5F558C12F765AA8007C9201 /* image-incognito.app */;
			productType = "com.apple.product-type.application";
		};
		E5F558CD2F765AA9007C9201 /* image-incognitoTests */ = {
			isa = PBXNativeTarget;
			buildConfigurationList = E5F558E52F765AA9007C9201 /* Build configuration list for PBXNativeTarget "image-incognitoTests" */;
			buildPhases = (
				E5F558CA2F765AA9007C9201 /* Sources */,
				E5F558CB2F765AA9007C9201 /* Frameworks */,
				E5F558CC2F765AA9007C9201 /* Resources */,
			);
			buildRules = (
			);
			dependencies = (
				E5F558D02F765AA9007C9201 /* PBXTargetDependency */,
			);
			fileSystemSynchronizedGroups = (
				E5F558D12F765AA9007C9201 /* image-incognitoTests */,
			);
			name = "image-incognitoTests";
			packageProductDependencies = (
			);
			productName = "image-incognitoTests";
			productReference = E5F558CE2F765AA9007C9201 /* image-incognitoTests.xctest */;
			productType = "com.apple.product-type.bundle.unit-test";
		};
		E5F558D72F765AA9007C9201 /* image-incognitoUITests */ = {
			isa = PBXNativeTarget;
			buildConfigurationList = E5F558E82F765AA9007C9201 /* Build configuration list for PBXNativeTarget "image-incognitoUITests" */;
			buildPhases = (
				E5F558D42F765AA9007C9201 /* Sources */,
				E5F558D52F765AA9007C9201 /* Frameworks */,
				E5F558D62F765AA9007C9201 /* Resources */,
			);
			buildRules = (
			);
			dependencies = (
				E5F558DA2F765AA9007C9201 /* PBXTargetDependency */,
			);
			fileSystemSynchronizedGroups = (
				E5F558DB2F765AA9007C9201 /* image-incognitoUITests */,
			);
			name = "image-incognitoUITests";
			packageProductDependencies = (
			);
			productName = "image-incognitoUITests";
			productReference = E5F558D82F765AA9007C9201 /* image-incognitoUITests.xctest */;
			productType = "com.apple.product-type.bundle.ui-testing";
		};
/* End PBXNativeTarget section */

/* Begin PBXProject section */
		E5F558B92F765AA8007C9201 /* Project object */ = {
			isa = PBXProject;
			attributes = {
				BuildIndependentTargetsInParallel = 1;
				LastSwiftUpdateCheck = 2640;
				LastUpgradeCheck = 2640;
				TargetAttributes = {
					E5F558C02F765AA8007C9201 = {
						CreatedOnToolsVersion = 26.4;
					};
					E5F558CD2F765AA9007C9201 = {
						CreatedOnToolsVersion = 26.4;
						TestTargetID = E5F558C02F765AA8007C9201;
					};
					E5F558D72F765AA9007C9201 = {
						CreatedOnToolsVersion = 26.4;
						TestTargetID = E5F558C02F765AA8007C9201;
					};
				};
			};
			buildConfigurationList = E5F558BC2F765AA8007C9201 /* Build configuration list for PBXProject "image-incognito" */;
			developmentRegion = en;
			hasScannedForEncodings = 0;
			knownRegions = (
				en,
				Base,
				ko,
				ja,
				"zh-Hans",
				es,
			);
			mainGroup = E5F558B82F765AA8007C9201;
			minimizedProjectReferenceProxies = 1;
			packageReferences = (
				E5CCEE3E2F7B6AFA00BF2F3D /* XCRemoteSwiftPackageReference "firebase-ios-sdk" */,
			);
			preferredProjectObjectVersion = 77;
			productRefGroup = E5F558C22F765AA8007C9201 /* Products */;
			projectDirPath = "";
			projectRoot = "";
			targets = (
				E5F558C02F765AA8007C9201 /* image-incognito */,
				E5F558CD2F765AA9007C9201 /* image-incognitoTests */,
				E5F558D72F765AA9007C9201 /* image-incognitoUITests */,
			);
		};
/* End PBXProject section */

/* Begin PBXResourcesBuildPhase section */
		E5F558BF2F765AA8007C9201 /* Resources */ = {
			isa = PBXResourcesBuildPhase;
			buildActionMask = 2147483647;
			files = (
				E5CCEE3D2F7B6A5F00BF2F3D /* GoogleService-Info.plist in Resources */,
			);
			runOnlyForDeploymentPostprocessing = 0;
		};
		E5F558CC2F765AA9007C9201 /* Resources */ = {
			isa = PBXResourcesBuildPhase;
			buildActionMask = 2147483647;
			files = (
			);
			runOnlyForDeploymentPostprocessing = 0;
		};
		E5F558D62F765AA9007C9201 /* Resources */ = {
			isa = PBXResourcesBuildPhase;
			buildActionMask = 2147483647;
			files = (
			);
			runOnlyForDeploymentPostprocessing = 0;
		};
/* End PBXResourcesBuildPhase section */

/* Begin PBXSourcesBuildPhase section */
		E5F558BD2F765AA8007C9201 /* Sources */ = {
			isa = PBXSourcesBuildPhase;
			buildActionMask = 2147483647;
			files = (
			);
			runOnlyForDeploymentPostprocessing = 0;
		};
		E5F558CA2F765AA9007C9201 /* Sources */ = {
			isa = PBXSourcesBuildPhase;
			buildActionMask = 2147483647;
			files = (
			);
			runOnlyForDeploymentPostprocessing = 0;
		};
		E5F558D42F765AA9007C9201 /* Sources */ = {
			isa = PBXSourcesBuildPhase;
			buildActionMask = 2147483647;
			files = (
			);
			runOnlyForDeploymentPostprocessing = 0;
		};
/* End PBXSourcesBuildPhase section */

/* Begin PBXTargetDependency section */
		E5F558D02F765AA9007C9201 /* PBXTargetDependency */ = {
			isa = PBXTargetDependency;
			target = E5F558C02F765AA8007C9201 /* image-incognito */;
			targetProxy = E5F558CF2F765AA9007C9201 /* PBXContainerItemProxy */;
		};
		E5F558DA2F765AA9007C9201 /* PBXTargetDependency */ = {
			isa = PBXTargetDependency;
			target = E5F558C02F765AA8007C9201 /* image-incognito */;
			targetProxy = E5F558D92F765AA9007C9201 /* PBXContainerItemProxy */;
		};
/* End PBXTargetDependency section */

/* Begin XCBuildConfiguration section */
		E5F558E02F765AA9007C9201 /* Debug */ = {
			isa = XCBuildConfiguration;
			buildSettings = {
				ALWAYS_SEARCH_USER_PATHS = NO;
				ASSETCATALOG_COMPILER_GENERATE_SWIFT_ASSET_SYMBOL_EXTENSIONS = NO;
				CLANG_ANALYZER_LOCALIZABILITY_NONLOCALIZED = YES;
				CLANG_ANALYZER_NONNULL = YES;
				CLANG_ANALYZER_NUMBER_OBJECT_CONVERSION = YES_AGGRESSIVE;
				CLANG_CXX_LANGUAGE_STANDARD = "gnu++20";
				CLANG_ENABLE_MODULES = YES;
				CLANG_ENABLE_OBJC_ARC = YES;
				CLANG_ENABLE_OBJC_WEAK = YES;
				CLANG_WARN_BLOCK_CAPTURE_AUTORELEASING = YES;
				CLANG_WARN_BOOL_CONVERSION = YES;
				CLANG_WARN_COMMA = YES;
				CLANG_WARN_CONSTANT_CONVERSION = YES;
				CLANG_WARN_DEPRECATED_OBJC_IMPLEMENTATIONS = YES;
				CLANG_WARN_DIRECT_OBJC_ISA_USAGE = YES_ERROR;
				CLANG_WARN_DOCUMENTATION_COMMENTS = YES;
				CLANG_WARN_EMPTY_BODY = YES;
				CLANG_WARN_ENUM_CONVERSION = YES;
				CLANG_WARN_INFINITE_RECURSION = YES;
				CLANG_WARN_INT_CONVERSION = YES;
				CLANG_WARN_NON_LITERAL_NULL_CONVERSION = YES;
				CLANG_WARN_OBJC_IMPLICIT_RETAIN_SELF = YES;
				CLANG_WARN_OBJC_LITERAL_CONVERSION = YES;
				CLANG_WARN_OBJC_ROOT_CLASS = YES_ERROR;
				CLANG_WARN_QUOTED_INCLUDE_IN_FRAMEWORK_HEADER = YES;
				CLANG_WARN_RANGE_LOOP_ANALYSIS = YES;
				CLANG_WARN_STRICT_PROTOTYPES = YES;
				CLANG_WARN_SUSPICIOUS_MOVE = YES;
				CLANG_WARN_UNGUARDED_AVAILABILITY = YES_AGGRESSIVE;
				CLANG_WARN_UNREACHABLE_CODE = YES;
				CLANG_WARN__DUPLICATE_METHOD_MATCH = YES;
				COPY_PHASE_STRIP = NO;
				DEBUG_INFORMATION_FORMAT = dwarf;
				DEVELOPMENT_TEAM = 77P94MC849;
				ENABLE_STRICT_OBJC_MSGSEND = YES;
				ENABLE_TESTABILITY = YES;
				ENABLE_USER_SCRIPT_SANDBOXING = YES;
				GCC_C_LANGUAGE_STANDARD = gnu17;
				GCC_DYNAMIC_NO_PIC = NO;
				GCC_NO_COMMON_BLOCKS = YES;
				GCC_OPTIMIZATION_LEVEL = 0;
				GCC_PREPROCESSOR_DEFINITIONS = (
					"DEBUG=1",
					"$(inherited)",
				);
				GCC_WARN_64_TO_32_BIT_CONVERSION = YES;
				GCC_WARN_ABOUT_RETURN_TYPE = YES_ERROR;
				GCC_WARN_UNDECLARED_SELECTOR = YES;
				GCC_WARN_UNINITIALIZED_AUTOS = YES_AGGRESSIVE;
				GCC_WARN_UNUSED_FUNCTION = YES;
				GCC_WARN_UNUSED_VARIABLE = YES;
				IPHONEOS_DEPLOYMENT_TARGET = 26.4;
				LOCALIZATION_PREFERS_STRING_CATALOGS = YES;
				MTL_ENABLE_DEBUG_INFO = INCLUDE_SOURCE;
				MTL_FAST_MATH = YES;
				ONLY_ACTIVE_ARCH = YES;
				SDKROOT = iphoneos;
				SWIFT_ACTIVE_COMPILATION_CONDITIONS = "DEBUG $(inherited)";
				SWIFT_EMIT_LOC_STRINGS = YES;
				SWIFT_OPTIMIZATION_LEVEL = "-Onone";
				SWIFT_VERSION = 6.0;
			};
			name = Debug;
		};
		E5F558E12F765AA9007C9201 /* Release */ = {
			isa = XCBuildConfiguration;
			buildSettings = {
				ALWAYS_SEARCH_USER_PATHS = NO;
				ASSETCATALOG_COMPILER_GENERATE_SWIFT_ASSET_SYMBOL_EXTENSIONS = NO;
				CLANG_ANALYZER_LOCALIZABILITY_NONLOCALIZED = YES;
				CLANG_ANALYZER_NONNULL = YES;
				CLANG_ANALYZER_NUMBER_OBJECT_CONVERSION = YES_AGGRESSIVE;
				CLANG_CXX_LANGUAGE_STANDARD = "gnu++20";
				CLANG_ENABLE_MODULES = YES;
				CLANG_ENABLE_OBJC_ARC = YES;
				CLANG_ENABLE_OBJC_WEAK = YES;
				CLANG_WARN_BLOCK_CAPTURE_AUTORELEASING = YES;
				CLANG_WARN_BOOL_CONVERSION = YES;
				CLANG_WARN_COMMA = YES;
				CLANG_WARN_CONSTANT_CONVERSION = YES;
				CLANG_WARN_DEPRECATED_OBJC_IMPLEMENTATIONS = YES;
				CLANG_WARN_DIRECT_OBJC_ISA_USAGE = YES_ERROR;
				CLANG_WARN_DOCUMENTATION_COMMENTS = YES;
				CLANG_WARN_EMPTY_BODY = YES;
				CLANG_WARN_ENUM_CONVERSION = YES;
				CLANG_WARN_INFINITE_RECURSION = YES;
				CLANG_WARN_INT_CONVERSION = YES;
				CLANG_WARN_NON_LITERAL_NULL_CONVERSION = YES;
				CLANG_WARN_OBJC_IMPLICIT_RETAIN_SELF = YES;
				CLANG_WARN_OBJC_LITERAL_CONVERSION = YES;
				CLANG_WARN_OBJC_ROOT_CLASS = YES_ERROR;
				CLANG_WARN_QUOTED_INCLUDE_IN_FRAMEWORK_HEADER = YES;
				CLANG_WARN_RANGE_LOOP_ANALYSIS = YES;
				CLANG_WARN_STRICT_PROTOTYPES = YES;
				CLANG_WARN_SUSPICIOUS_MOVE = YES;
				CLANG_WARN_UNGUARDED_AVAILABILITY = YES_AGGRESSIVE;
				CLANG_WARN_UNREACHABLE_CODE = YES;
				CLANG_WARN__DUPLICATE_METHOD_MATCH = YES;
				COPY_PHASE_STRIP = NO;
				DEBUG_INFORMATION_FORMAT = "dwarf-with-dsym";
				DEVELOPMENT_TEAM = 77P94MC849;
				ENABLE_NS_ASSERTIONS = NO;
				ENABLE_STRICT_OBJC_MSGSEND = YES;
				ENABLE_USER_SCRIPT_SANDBOXING = YES;
				GCC_C_LANGUAGE_STANDARD = gnu17;
				GCC_NO_COMMON_BLOCKS = YES;
				GCC_WARN_64_TO_32_BIT_CONVERSION = YES;
				GCC_WARN_ABOUT_RETURN_TYPE = YES_ERROR;
				GCC_WARN_UNDECLARED_SELECTOR = YES;
				GCC_WARN_UNINITIALIZED_AUTOS = YES_AGGRESSIVE;
				GCC_WARN_UNUSED_FUNCTION = YES;
				GCC_WARN_UNUSED_VARIABLE = YES;
				IPHONEOS_DEPLOYMENT_TARGET = 26.4;
				LOCALIZATION_PREFERS_STRING_CATALOGS = YES;
				MTL_ENABLE_DEBUG_INFO = NO;
				MTL_FAST_MATH = YES;
				SDKROOT = iphoneos;
				SWIFT_COMPILATION_MODE = wholemodule;
				SWIFT_EMIT_LOC_STRINGS = YES;
				SWIFT_VERSION = 6.0;
				VALIDATE_PRODUCT = YES;
			};
			name = Release;
		};
		E5F558E32F765AA9007C9201 /* Debug */ = {
			isa = XCBuildConfiguration;
			buildSettings = {
				ASSETCATALOG_COMPILER_APPICON_NAME = AppIcon;
				ASSETCATALOG_COMPILER_GLOBAL_ACCENT_COLOR_NAME = AccentColor;
				CLANG_ANALYZER_LOCALIZABILITY_NONLOCALIZED = YES;
				CODE_SIGN_STYLE = Automatic;
				CURRENT_PROJECT_VERSION = 1;
				DEVELOPMENT_TEAM = 77P94MC849;
				ENABLE_PREVIEWS = YES;
				GENERATE_INFOPLIST_FILE = NO;
				INFOPLIST_FILE = Info.plist;
				IPHONEOS_DEPLOYMENT_TARGET = 17.0;
				LD_RUNPATH_SEARCH_PATHS = (
					"$(inherited)",
					"@executable_path/Frameworks",
				);
				MARKETING_VERSION = 1.2;
				PRODUCT_BUNDLE_IDENTIFIER = "com.elvin.image-incognito";
				PRODUCT_NAME = "$(TARGET_NAME)";
				STRING_CATALOG_GENERATE_SYMBOLS = YES;
				SWIFT_APPROACHABLE_CONCURRENCY = YES;
				SWIFT_DEFAULT_ACTOR_ISOLATION = MainActor;
				SWIFT_EMIT_LOC_STRINGS = YES;
				SWIFT_UPCOMING_FEATURE_MEMBER_IMPORT_VISIBILITY = YES;
				TARGETED_DEVICE_FAMILY = "1,2";
			};
			name = Debug;
		};
		E5F558E42F765AA9007C9201 /* Release */ = {
			isa = XCBuildConfiguration;
			buildSettings = {
				ASSETCATALOG_COMPILER_APPICON_NAME = AppIcon;
				ASSETCATALOG_COMPILER_GLOBAL_ACCENT_COLOR_NAME = AccentColor;
				CLANG_ANALYZER_LOCALIZABILITY_NONLOCALIZED = YES;
				CODE_SIGN_STYLE = Automatic;
				CURRENT_PROJECT_VERSION = 1;
				DEVELOPMENT_TEAM = 77P94MC849;
				ENABLE_PREVIEWS = YES;
				GENERATE_INFOPLIST_FILE = NO;
				INFOPLIST_FILE = Info.plist;
				IPHONEOS_DEPLOYMENT_TARGET = 17.0;
				LD_RUNPATH_SEARCH_PATHS = (
					"$(inherited)",
					"@executable_path/Frameworks",
				);
				MARKETING_VERSION = 1.2;
				PRODUCT_BUNDLE_IDENTIFIER = "com.elvin.image-incognito";
				PRODUCT_NAME = "$(TARGET_NAME)";
				STRING_CATALOG_GENERATE_SYMBOLS = YES;
				SWIFT_APPROACHABLE_CONCURRENCY = YES;
				SWIFT_DEFAULT_ACTOR_ISOLATION = MainActor;
				SWIFT_EMIT_LOC_STRINGS = YES;
				SWIFT_UPCOMING_FEATURE_MEMBER_IMPORT_VISIBILITY = YES;
				TARGETED_DEVICE_FAMILY = "1,2";
			};
			name = Release;
		};
		E5F558E62F765AA9007C9201 /* Debug */ = {
			isa = XCBuildConfiguration;
			buildSettings = {
				BUNDLE_LOADER = "$(TEST_HOST)";
				CODE_SIGN_STYLE = Automatic;
				CURRENT_PROJECT_VERSION = 1;
				DEVELOPMENT_TEAM = 77P94MC849;
				GENERATE_INFOPLIST_FILE = YES;
				IPHONEOS_DEPLOYMENT_TARGET = 26.0;
				MARKETING_VERSION = 1.0;
				PRODUCT_BUNDLE_IDENTIFIER = "com.elvin.image-incognitoTests";
				PRODUCT_NAME = "$(TARGET_NAME)";
				STRING_CATALOG_GENERATE_SYMBOLS = NO;
				SWIFT_APPROACHABLE_CONCURRENCY = YES;
				SWIFT_EMIT_LOC_STRINGS = NO;
				SWIFT_UPCOMING_FEATURE_MEMBER_IMPORT_VISIBILITY = YES;
				SWIFT_VERSION = 5.0;
				TARGETED_DEVICE_FAMILY = "1,2";
				TEST_HOST = "$(BUILT_PRODUCTS_DIR)/image-incognito.app/$(BUNDLE_EXECUTABLE_FOLDER_PATH)/image-incognito";
			};
			name = Debug;
		};
		E5F558E72F765AA9007C9201 /* Release */ = {
			isa = XCBuildConfiguration;
			buildSettings = {
				BUNDLE_LOADER = "$(TEST_HOST)";
				CODE_SIGN_STYLE = Automatic;
				CURRENT_PROJECT_VERSION = 1;
				DEVELOPMENT_TEAM = 77P94MC849;
				GENERATE_INFOPLIST_FILE = YES;
				IPHONEOS_DEPLOYMENT_TARGET = 26.0;
				MARKETING_VERSION = 1.0;
				PRODUCT_BUNDLE_IDENTIFIER = "com.elvin.image-incognitoTests";
				PRODUCT_NAME = "$(TARGET_NAME)";
				STRING_CATALOG_GENERATE_SYMBOLS = NO;
				SWIFT_APPROACHABLE_CONCURRENCY = YES;
				SWIFT_EMIT_LOC_STRINGS = NO;
				SWIFT_UPCOMING_FEATURE_MEMBER_IMPORT_VISIBILITY = YES;
				SWIFT_VERSION = 5.0;
				TARGETED_DEVICE_FAMILY = "1,2";
				TEST_HOST = "$(BUILT_PRODUCTS_DIR)/image-incognito.app/$(BUNDLE_EXECUTABLE_FOLDER_PATH)/image-incognito";
			};
			name = Release;
		};
		E5F558E92F765AA9007C9201 /* Debug */ = {
			isa = XCBuildConfiguration;
			buildSettings = {
				CODE_SIGN_STYLE = Automatic;
				CURRENT_PROJECT_VERSION = 1;
				DEVELOPMENT_TEAM = 77P94MC849;
				GENERATE_INFOPLIST_FILE = YES;
				MARKETING_VERSION = 1.0;
				PRODUCT_BUNDLE_IDENTIFIER = "com.elvin.image-incognitoUITests";
				PRODUCT_NAME = "$(TARGET_NAME)";
				STRING_CATALOG_GENERATE_SYMBOLS = NO;
				SWIFT_APPROACHABLE_CONCURRENCY = YES;
				SWIFT_EMIT_LOC_STRINGS = NO;
				SWIFT_UPCOMING_FEATURE_MEMBER_IMPORT_VISIBILITY = YES;
				SWIFT_VERSION = 5.0;
				TARGETED_DEVICE_FAMILY = "1,2";
				TEST_TARGET_NAME = "image-incognito";
			};
			name = Debug;
		};
		E5F558EA2F765AA9007C9201 /* Release */ = {
			isa = XCBuildConfiguration;
			buildSettings = {
				CODE_SIGN_STYLE = Automatic;
				CURRENT_PROJECT_VERSION = 1;
				DEVELOPMENT_TEAM = 77P94MC849;
				GENERATE_INFOPLIST_FILE = YES;
				MARKETING_VERSION = 1.0;
				PRODUCT_BUNDLE_IDENTIFIER = "com.elvin.image-incognitoUITests";
				PRODUCT_NAME = "$(TARGET_NAME)";
				STRING_CATALOG_GENERATE_SYMBOLS = NO;
				SWIFT_APPROACHABLE_CONCURRENCY = YES;
				SWIFT_EMIT_LOC_STRINGS = NO;
				SWIFT_UPCOMING_FEATURE_MEMBER_IMPORT_VISIBILITY = YES;
				SWIFT_VERSION = 5.0;
				TARGETED_DEVICE_FAMILY = "1,2";
				TEST_TARGET_NAME = "image-incognito";
			};
			name = Release;
		};
/* End XCBuildConfiguration section */

/* Begin XCConfigurationList section */
		E5F558BC2F765AA8007C9201 /* Build configuration list for PBXProject "image-incognito" */ = {
			isa = XCConfigurationList;
			buildConfigurations = (
				E5F558E02F765AA9007C9201 /* Debug */,
				E5F558E12F765AA9007C9201 /* Release */,
			);
			defaultConfigurationIsVisible = 0;
			defaultConfigurationName = Release;
		};
		E5F558E22F765AA9007C9201 /* Build configuration list for PBXNativeTarget "image-incognito" */ = {
			isa = XCConfigurationList;
			buildConfigurations = (
				E5F558E32F765AA9007C9201 /* Debug */,
				E5F558E42F765AA9007C9201 /* Release */,
			);
			defaultConfigurationIsVisible = 0;
			defaultConfigurationName = Release;
		};
		E5F558E52F765AA9007C9201 /* Build configuration list for PBXNativeTarget "image-incognitoTests" */ = {
			isa = XCConfigurationList;
			buildConfigurations = (
				E5F558E62F765AA9007C9201 /* Debug */,
				E5F558E72F765AA9007C9201 /* Release */,
			);
			defaultConfigurationIsVisible = 0;
			defaultConfigurationName = Release;
		};
		E5F558E82F765AA9007C9201 /* Build configuration list for PBXNativeTarget "image-incognitoUITests" */ = {
			isa = XCConfigurationList;
			buildConfigurations = (
				E5F558E92F765AA9007C9201 /* Debug */,
				E5F558EA2F765AA9007C9201 /* Release */,
			);
			defaultConfigurationIsVisible = 0;
			defaultConfigurationName = Release;
		};
/* End XCConfigurationList section */

/* Begin XCRemoteSwiftPackageReference section */
		E5CCEE3E2F7B6AFA00BF2F3D /* XCRemoteSwiftPackageReference "firebase-ios-sdk" */ = {
			isa = XCRemoteSwiftPackageReference;
			repositoryURL = "https://github.com/firebase/firebase-ios-sdk";
			requirement = {
				kind = upToNextMajorVersion;
				minimumVersion = 12.11.0;
			};
		};
/* End XCRemoteSwiftPackageReference section */

/* Begin XCSwiftPackageProductDependency section */
		E5CCEE3F2F7B6AFA00BF2F3D /* FirebaseAnalytics */ = {
			isa = XCSwiftPackageProductDependency;
			package = E5CCEE3E2F7B6AFA00BF2F3D /* XCRemoteSwiftPackageReference "firebase-ios-sdk" */;
			productName = FirebaseAnalytics;
		};
		E5CCEE412F7B6AFA00BF2F3D /* FirebaseCrashlytics */ = {
			isa = XCSwiftPackageProductDependency;
			package = E5CCEE3E2F7B6AFA00BF2F3D /* XCRemoteSwiftPackageReference "firebase-ios-sdk" */;
			productName = FirebaseCrashlytics;
		};
/* End XCSwiftPackageProductDependency section */
	};
	rootObject = E5F558B92F765AA8007C9201 /* Project object */;
}
